
Microsoft Visual Studio Solution File, Format Version 12.00
# Visual Studio Version 17
VisualStudioVersion = 17.11.35219.272
MinimumVisualStudioVersion = 10.0.40219.1
Project("{FAE04EC0-301F-11D3-BF4B-00C04F79EFBC}") = "ICTProfilingV3", "ICTProfilingV3\ICTProfilingV3.csproj", "{F425ECDD-2B59-4A55-911A-C991438960B5}"
EndProject
Project("{FAE04EC0-301F-11D3-BF4B-00C04F79EFBC}") = "EntityManager", "Models\EntityManager.csproj", "{D30CDBB1-D049-45ED-9700-30003C0DB0A8}"
EndProject
Project("{FAE04EC0-301F-11D3-BF4B-00C04F79EFBC}") = "Helpers", "Helpers\Helpers.csproj", "{3F290CC6-23E6-4500-8CFA-9DF3C75C4013}"
EndProject
Global
	GlobalSection(SolutionConfigurationPlatforms) = preSolution
		Debug|Any CPU = Debug|Any CPU
		Release|Any CPU = Release|Any CPU
	EndGlobalSection
	GlobalSection(ProjectConfigurationPlatforms) = postSolution
		{F425ECDD-2B59-4A55-911A-C991438960B5}.Debug|Any CPU.ActiveCfg = Debug|Any CPU
		{F425ECDD-2B59-4A55-911A-C991438960B5}.Debug|Any CPU.Build.0 = Debug|Any CPU
		{F425ECDD-2B59-4A55-911A-C991438960B5}.Release|Any CPU.ActiveCfg = Release|Any CPU
		{F425ECDD-2B59-4A55-911A-C991438960B5}.Release|Any CPU.Build.0 = Release|Any CPU
		{D30CDBB1-D049-45ED-9700-30003C0DB0A8}.Debug|Any CPU.ActiveCfg = Debug|Any CPU
		{D30CDBB1-D049-45ED-9700-30003C0DB0A8}.Debug|Any CPU.Build.0 = Debug|Any CPU
		{D30CDBB1-D049-45ED-9700-30003C0DB0A8}.Release|Any CPU.ActiveCfg = Release|Any CPU
		{D30CDBB1-D049-45ED-9700-30003C0DB0A8}.Release|Any CPU.Build.0 = Release|Any CPU
		{3F290CC6-23E6-4500-8CFA-9DF3C75C4013}.Debug|Any CPU.ActiveCfg = Debug|Any CPU
		{3F290CC6-23E6-4500-8CFA-9DF3C75C4013}.Debug|Any CPU.Build.0 = Debug|Any CPU
		{3F290CC6-23E6-4500-8CFA-9DF3C75C4013}.Release|Any CPU.ActiveCfg = Release|Any CPU
		{3F290CC6-23E6-4500-8CFA-9DF3C75C4013}.Release|Any CPU.Build.0 = Release|Any CPU
	EndGlobalSection
	GlobalSection(SolutionProperties) = preSolution
		HideSolutionNode = FALSE
	EndGlobalSection
	GlobalSection(ExtensibilityGlobals) = postSolution
		SolutionGuid = {83EE1949-7AFB-4355-9C66-74AAA99CDE9F}
	EndGlobalSection
EndGlobal
